
Microsoft Visual Studio Solution File, Format Version 12.00
# Visual Studio Version 16
VisualStudioVersion = 16.0.29215.179
MinimumVisualStudioVersion = 10.0.40219.1
Project("{FAE04EC0-301F-11D3-BF4B-00C04F79EFBC}") = "PrimerPArcialAp1", "PrimerPArcialAp1\PrimerPArcialAp1.csproj", "{B0BB5E2B-CD9E-4965-9F55-86EB7160A970}"
EndProject
Project("{FAE04EC0-301F-11D3-BF4B-00C04F79EFBC}") = "PrimerPArcialAp1Tests", "PrimerPArcialAp1Tests\PrimerPArcialAp1Tests.csproj", "{F508CB92-6722-4BD7-9760-1C2A81A5D510}"
EndProject
Global
	GlobalSection(SolutionConfigurationPlatforms) = preSolution
		Debug|Any CPU = Debug|Any CPU
		Release|Any CPU = Release|Any CPU
	EndGlobalSection
	GlobalSection(ProjectConfigurationPlatforms) = postSolution
		{B0BB5E2B-CD9E-4965-9F55-86EB7160A970}.Debug|Any CPU.ActiveCfg = Debug|Any CPU
		{B0BB5E2B-CD9E-4965-9F55-86EB7160A970}.Debug|Any CPU.Build.0 = Debug|Any CPU
		{B0BB5E2B-CD9E-4965-9F55-86EB7160A970}.Release|Any CPU.ActiveCfg = Release|Any CPU
		{B0BB5E2B-CD9E-4965-9F55-86EB7160A970}.Release|Any CPU.Build.0 = Release|Any CPU
		{F508CB92-6722-4BD7-9760-1C2A81A5D510}.Debug|Any CPU.ActiveCfg = Debug|Any CPU
		{F508CB92-6722-4BD7-9760-1C2A81A5D510}.Debug|Any CPU.Build.0 = Debug|Any CPU
		{F508CB92-6722-4BD7-9760-1C2A81A5D510}.Release|Any CPU.ActiveCfg = Release|Any CPU
		{F508CB92-6722-4BD7-9760-1C2A81A5D510}.Release|Any CPU.Build.0 = Release|Any CPU
	EndGlobalSection
	GlobalSection(SolutionProperties) = preSolution
		HideSolutionNode = FALSE
	EndGlobalSection
	GlobalSection(ExtensibilityGlobals) = postSolution
		SolutionGuid = {C2DAD4F1-67AF-4535-8C4D-7ADE9BBA1225}
	EndGlobalSection
EndGlobal
